
Microsoft Visual Studio Solution File, Format Version 12.00
# Visual Studio Version 17
VisualStudioVersion = 17.14.36408.4
MinimumVisualStudioVersion = 10.0.40219.1
Project("{FAE04EC0-301F-11D3-BF4B-00C04F79EFBC}") = "RegistrationWeb", "src\RegistrationWeb\RegistrationWeb.csproj", "{94393738-54D8-443F-9307-59461A63E698}"
EndProject
Project("{FAE04EC0-301F-11D3-BF4B-00C04F79EFBC}") = "RegistrationService", "src\RegistrationService\RegistrationService.csproj", "{5BF62AB9-1965-48D4-85C3-399F3EE5FC8F}"
EndProject
Project("{FAE04EC0-301F-11D3-BF4B-00C04F79EFBC}") = "LoggerService", "LoggerService\LoggerService.csproj", "{0F55B04D-8825-45F4-8245-63E3AFC2A544}"
EndProject
Project("{FAE04EC0-301F-11D3-BF4B-00C04F79EFBC}") = "NFCServiceLibrary", "NFCServiceLibrary\NFCServiceLibrary.csproj", "{FF16D042-EF3E-42F0-91E6-78ADE630A3BC}"
EndProject
Project("{FAE04EC0-301F-11D3-BF4B-00C04F79EFBC}") = "CardReaderConsole", "CardReaderConsole\CardReaderConsole.csproj", "{E9E7162D-E6D8-4349-9B7A-2B438489711A}"
EndProject
Global
	GlobalSection(SolutionConfigurationPlatforms) = preSolution
		Debug|Any CPU = Debug|Any CPU
		Release|Any CPU = Release|Any CPU
	EndGlobalSection
	GlobalSection(ProjectConfigurationPlatforms) = postSolution
		{94393738-54D8-443F-9307-59461A63E698}.Debug|Any CPU.ActiveCfg = Debug|Any CPU
		{94393738-54D8-443F-9307-59461A63E698}.Debug|Any CPU.Build.0 = Debug|Any CPU
		{94393738-54D8-443F-9307-59461A63E698}.Release|Any CPU.ActiveCfg = Release|Any CPU
		{94393738-54D8-443F-9307-59461A63E698}.Release|Any CPU.Build.0 = Release|Any CPU
		{5BF62AB9-1965-48D4-85C3-399F3EE5FC8F}.Debug|Any CPU.ActiveCfg = Debug|Any CPU
		{5BF62AB9-1965-48D4-85C3-399F3EE5FC8F}.Debug|Any CPU.Build.0 = Debug|Any CPU
		{5BF62AB9-1965-48D4-85C3-399F3EE5FC8F}.Release|Any CPU.ActiveCfg = Release|Any CPU
		{5BF62AB9-1965-48D4-85C3-399F3EE5FC8F}.Release|Any CPU.Build.0 = Release|Any CPU
		{0F55B04D-8825-45F4-8245-63E3AFC2A544}.Debug|Any CPU.ActiveCfg = Debug|Any CPU
		{0F55B04D-8825-45F4-8245-63E3AFC2A544}.Debug|Any CPU.Build.0 = Debug|Any CPU
		{0F55B04D-8825-45F4-8245-63E3AFC2A544}.Release|Any CPU.ActiveCfg = Release|Any CPU
		{0F55B04D-8825-45F4-8245-63E3AFC2A544}.Release|Any CPU.Build.0 = Release|Any CPU
		{FF16D042-EF3E-42F0-91E6-78ADE630A3BC}.Debug|Any CPU.ActiveCfg = Debug|Any CPU
		{FF16D042-EF3E-42F0-91E6-78ADE630A3BC}.Debug|Any CPU.Build.0 = Debug|Any CPU
		{FF16D042-EF3E-42F0-91E6-78ADE630A3BC}.Release|Any CPU.ActiveCfg = Release|Any CPU
		{FF16D042-EF3E-42F0-91E6-78ADE630A3BC}.Release|Any CPU.Build.0 = Release|Any CPU
		{E9E7162D-E6D8-4349-9B7A-2B438489711A}.Debug|Any CPU.ActiveCfg = Debug|Any CPU
		{E9E7162D-E6D8-4349-9B7A-2B438489711A}.Debug|Any CPU.Build.0 = Debug|Any CPU
		{E9E7162D-E6D8-4349-9B7A-2B438489711A}.Release|Any CPU.ActiveCfg = Release|Any CPU
		{E9E7162D-E6D8-4349-9B7A-2B438489711A}.Release|Any CPU.Build.0 = Release|Any CPU
	EndGlobalSection
	GlobalSection(SolutionProperties) = preSolution
		HideSolutionNode = FALSE
	EndGlobalSection
	GlobalSection(ExtensibilityGlobals) = postSolution
		SolutionGuid = {F64AE899-15C0-43EF-A83A-32B99D6EDA66}
	EndGlobalSection
EndGlobal
